
Microsoft Visual Studio Solution File, Format Version 12.00
Project("{FAE04EC0-301F-11D3-BF4B-00C04F79EFBC}") = "App", "App\App.csproj", "{4245C69A-A1AD-4643-933F-2613E0926295}"
EndProject
Project("{FAE04EC0-301F-11D3-BF4B-00C04F79EFBC}") = "Data", "Data\Data.csproj", "{0DA5CAE9-F2AD-4762-A537-11DAD829FBE1}"
EndProject
Project("{FAE04EC0-301F-11D3-BF4B-00C04F79EFBC}") = "Common", "Common\Common.csproj", "{C710B9E0-ACBF-4111-8F2D-00EE78AE39A5}"
EndProject
Global
	GlobalSection(SolutionConfigurationPlatforms) = preSolution
		Debug|Any CPU = Debug|Any CPU
		Release|Any CPU = Release|Any CPU
	EndGlobalSection
	GlobalSection(ProjectConfigurationPlatforms) = postSolution
		{4245C69A-A1AD-4643-933F-2613E0926295}.Debug|Any CPU.ActiveCfg = Debug|Any CPU
		{4245C69A-A1AD-4643-933F-2613E0926295}.Debug|Any CPU.Build.0 = Debug|Any CPU
		{4245C69A-A1AD-4643-933F-2613E0926295}.Release|Any CPU.ActiveCfg = Release|Any CPU
		{4245C69A-A1AD-4643-933F-2613E0926295}.Release|Any CPU.Build.0 = Release|Any CPU
		{0DA5CAE9-F2AD-4762-A537-11DAD829FBE1}.Debug|Any CPU.ActiveCfg = Debug|Any CPU
		{0DA5CAE9-F2AD-4762-A537-11DAD829FBE1}.Debug|Any CPU.Build.0 = Debug|Any CPU
		{0DA5CAE9-F2AD-4762-A537-11DAD829FBE1}.Release|Any CPU.ActiveCfg = Release|Any CPU
		{0DA5CAE9-F2AD-4762-A537-11DAD829FBE1}.Release|Any CPU.Build.0 = Release|Any CPU
		{C710B9E0-ACBF-4111-8F2D-00EE78AE39A5}.Debug|Any CPU.ActiveCfg = Debug|Any CPU
		{C710B9E0-ACBF-4111-8F2D-00EE78AE39A5}.Debug|Any CPU.Build.0 = Debug|Any CPU
		{C710B9E0-ACBF-4111-8F2D-00EE78AE39A5}.Release|Any CPU.ActiveCfg = Release|Any CPU
		{C710B9E0-ACBF-4111-8F2D-00EE78AE39A5}.Release|Any CPU.Build.0 = Release|Any CPU
	EndGlobalSection
EndGlobal
